
Microsoft Visual Studio Solution File, Format Version 12.00
# Visual Studio Version 17
VisualStudioVersion = 17.13.35828.75
MinimumVisualStudioVersion = 10.0.40219.1
Project("{2150E333-8FDC-42A3-9474-1A3956D46DE8}") = "src", "src", "{02EA681E-C7D8-13C7-8484-4AC65E1B71E8}"
EndProject
Project("{2150E333-8FDC-42A3-9474-1A3956D46DE8}") = "Solution Items", "Solution Items", "{8EC462FD-D22E-90A8-E5CE-7E832BA40C5D}"
	ProjectSection(SolutionItems) = preProject
		.gitignore = .gitignore
	EndProjectSection
EndProject
Project("{9A19103F-16F7-4668-BE54-9A1E7A4F7556}") = "BookingTickets.Core", "BookingTickets.Core\BookingTickets.Core.csproj", "{28932C24-E4DB-4233-A48A-5DB82CE2DC3A}"
EndProject
Project("{9A19103F-16F7-4668-BE54-9A1E7A4F7556}") = "BookingTickets.DataAccess", "BookingTickets.DataAccess\BookingTickets.DataAccess.csproj", "{95B47D36-0044-4282-A353-1DF60FEAD6CC}"
EndProject
Project("{9A19103F-16F7-4668-BE54-9A1E7A4F7556}") = "BookingTickets.Business", "BookingTickets.Business\BookingTickets.Business.csproj", "{E480DCC1-EF64-4961-BD19-47F5DF9BB2FB}"
EndProject
Project("{FAE04EC0-301F-11D3-BF4B-00C04F79EFBC}") = "BookingTickets.Presentation", "BookingTickets.Presentation\BookingTickets.Presentation.csproj", "{A9514D42-CB05-4EB3-8612-CCC0B0CEBDB6}"
EndProject
Global
	GlobalSection(SolutionConfigurationPlatforms) = preSolution
		Debug|Any CPU = Debug|Any CPU
		Release|Any CPU = Release|Any CPU
	EndGlobalSection
	GlobalSection(ProjectConfigurationPlatforms) = postSolution
		{28932C24-E4DB-4233-A48A-5DB82CE2DC3A}.Debug|Any CPU.ActiveCfg = Debug|Any CPU
		{28932C24-E4DB-4233-A48A-5DB82CE2DC3A}.Debug|Any CPU.Build.0 = Debug|Any CPU
		{28932C24-E4DB-4233-A48A-5DB82CE2DC3A}.Release|Any CPU.ActiveCfg = Release|Any CPU
		{28932C24-E4DB-4233-A48A-5DB82CE2DC3A}.Release|Any CPU.Build.0 = Release|Any CPU
		{95B47D36-0044-4282-A353-1DF60FEAD6CC}.Debug|Any CPU.ActiveCfg = Debug|Any CPU
		{95B47D36-0044-4282-A353-1DF60FEAD6CC}.Debug|Any CPU.Build.0 = Debug|Any CPU
		{95B47D36-0044-4282-A353-1DF60FEAD6CC}.Release|Any CPU.ActiveCfg = Release|Any CPU
		{95B47D36-0044-4282-A353-1DF60FEAD6CC}.Release|Any CPU.Build.0 = Release|Any CPU
		{E480DCC1-EF64-4961-BD19-47F5DF9BB2FB}.Debug|Any CPU.ActiveCfg = Debug|Any CPU
		{E480DCC1-EF64-4961-BD19-47F5DF9BB2FB}.Debug|Any CPU.Build.0 = Debug|Any CPU
		{E480DCC1-EF64-4961-BD19-47F5DF9BB2FB}.Release|Any CPU.ActiveCfg = Release|Any CPU
		{E480DCC1-EF64-4961-BD19-47F5DF9BB2FB}.Release|Any CPU.Build.0 = Release|Any CPU
		{A9514D42-CB05-4EB3-8612-CCC0B0CEBDB6}.Debug|Any CPU.ActiveCfg = Debug|Any CPU
		{A9514D42-CB05-4EB3-8612-CCC0B0CEBDB6}.Debug|Any CPU.Build.0 = Debug|Any CPU
		{A9514D42-CB05-4EB3-8612-CCC0B0CEBDB6}.Release|Any CPU.ActiveCfg = Release|Any CPU
		{A9514D42-CB05-4EB3-8612-CCC0B0CEBDB6}.Release|Any CPU.Build.0 = Release|Any CPU
	EndGlobalSection
	GlobalSection(SolutionProperties) = preSolution
		HideSolutionNode = FALSE
	EndGlobalSection
	GlobalSection(NestedProjects) = preSolution
		{28932C24-E4DB-4233-A48A-5DB82CE2DC3A} = {02EA681E-C7D8-13C7-8484-4AC65E1B71E8}
		{95B47D36-0044-4282-A353-1DF60FEAD6CC} = {02EA681E-C7D8-13C7-8484-4AC65E1B71E8}
		{E480DCC1-EF64-4961-BD19-47F5DF9BB2FB} = {02EA681E-C7D8-13C7-8484-4AC65E1B71E8}
		{A9514D42-CB05-4EB3-8612-CCC0B0CEBDB6} = {02EA681E-C7D8-13C7-8484-4AC65E1B71E8}
	EndGlobalSection
	GlobalSection(ExtensibilityGlobals) = postSolution
		SolutionGuid = {EE9E2C80-033A-4B9B-9354-1979A82365D7}
	EndGlobalSection
EndGlobal
